
Microsoft Visual Studio Solution File, Format Version 12.00
# Visual Studio 15
VisualStudioVersion = 15.0.28010.2016
MinimumVisualStudioVersion = 10.0.40219.1
Project("{FAE04EC0-301F-11D3-BF4B-00C04F79EFBC}") = "MyTestForm", "MyTestForm\MyTestForm.csproj", "{836A171C-5120-448C-822D-C1F641759F71}"
EndProject
Global
	GlobalSection(SolutionConfigurationPlatforms) = preSolution
		Debug|Any CPU = Debug|Any CPU
		Release|Any CPU = Release|Any CPU
	EndGlobalSection
	GlobalSection(ProjectConfigurationPlatforms) = postSolution
		{836A171C-5120-448C-822D-C1F641759F71}.Debug|Any CPU.ActiveCfg = Debug|Any CPU
		{836A171C-5120-448C-822D-C1F641759F71}.Debug|Any CPU.Build.0 = Debug|Any CPU
		{836A171C-5120-448C-822D-C1F641759F71}.Release|Any CPU.ActiveCfg = Release|Any CPU
		{836A171C-5120-448C-822D-C1F641759F71}.Release|Any CPU.Build.0 = Release|Any CPU
	EndGlobalSection
	GlobalSection(SolutionProperties) = preSolution
		HideSolutionNode = FALSE
	EndGlobalSection
	GlobalSection(ExtensibilityGlobals) = postSolution
		SolutionGuid = {47644555-C165-4BA0-B0DB-569BC52A5549}
	EndGlobalSection
EndGlobal
